
Microsoft Visual Studio Solution File, Format Version 12.00
# Visual Studio Version 17
VisualStudioVersion = 17.8.34309.116
MinimumVisualStudioVersion = 10.0.40219.1
Project("{9A19103F-16F7-4668-BE54-9A1E7A4F7556}") = "Console", "Console\Console.csproj", "{29B1C45A-B602-451D-821B-0E55FA91C948}"
EndProject
Project("{9A19103F-16F7-4668-BE54-9A1E7A4F7556}") = "DataAccess", "DataAccess\DataAccess.csproj", "{6CF66DC2-7EA6-4432-84B9-32A264E9BB24}"
EndProject
Project("{9A19103F-16F7-4668-BE54-9A1E7A4F7556}") = "Business", "Business\Business.csproj", "{F096F02E-2591-4F4B-99CE-B42C7DB67AC8}"
EndProject
Project("{9A19103F-16F7-4668-BE54-9A1E7A4F7556}") = "Entities", "Entities\Entities.csproj", "{1064516A-32F6-4608-9A28-E5498661BE8C}"
EndProject
Project("{FAE04EC0-301F-11D3-BF4B-00C04F79EFBC}") = "Core", "Core\Core.csproj", "{37F9161E-E505-4678-A15C-49B18A8DB4D0}"
EndProject
Global
	GlobalSection(SolutionConfigurationPlatforms) = preSolution
		Debug|Any CPU = Debug|Any CPU
		Release|Any CPU = Release|Any CPU
	EndGlobalSection
	GlobalSection(ProjectConfigurationPlatforms) = postSolution
		{29B1C45A-B602-451D-821B-0E55FA91C948}.Debug|Any CPU.ActiveCfg = Debug|Any CPU
		{29B1C45A-B602-451D-821B-0E55FA91C948}.Debug|Any CPU.Build.0 = Debug|Any CPU
		{29B1C45A-B602-451D-821B-0E55FA91C948}.Release|Any CPU.ActiveCfg = Release|Any CPU
		{29B1C45A-B602-451D-821B-0E55FA91C948}.Release|Any CPU.Build.0 = Release|Any CPU
		{6CF66DC2-7EA6-4432-84B9-32A264E9BB24}.Debug|Any CPU.ActiveCfg = Debug|Any CPU
		{6CF66DC2-7EA6-4432-84B9-32A264E9BB24}.Debug|Any CPU.Build.0 = Debug|Any CPU
		{6CF66DC2-7EA6-4432-84B9-32A264E9BB24}.Release|Any CPU.ActiveCfg = Release|Any CPU
		{6CF66DC2-7EA6-4432-84B9-32A264E9BB24}.Release|Any CPU.Build.0 = Release|Any CPU
		{F096F02E-2591-4F4B-99CE-B42C7DB67AC8}.Debug|Any CPU.ActiveCfg = Debug|Any CPU
		{F096F02E-2591-4F4B-99CE-B42C7DB67AC8}.Debug|Any CPU.Build.0 = Debug|Any CPU
		{F096F02E-2591-4F4B-99CE-B42C7DB67AC8}.Release|Any CPU.ActiveCfg = Release|Any CPU
		{F096F02E-2591-4F4B-99CE-B42C7DB67AC8}.Release|Any CPU.Build.0 = Release|Any CPU
		{1064516A-32F6-4608-9A28-E5498661BE8C}.Debug|Any CPU.ActiveCfg = Debug|Any CPU
		{1064516A-32F6-4608-9A28-E5498661BE8C}.Debug|Any CPU.Build.0 = Debug|Any CPU
		{1064516A-32F6-4608-9A28-E5498661BE8C}.Release|Any CPU.ActiveCfg = Release|Any CPU
		{1064516A-32F6-4608-9A28-E5498661BE8C}.Release|Any CPU.Build.0 = Release|Any CPU
		{37F9161E-E505-4678-A15C-49B18A8DB4D0}.Debug|Any CPU.ActiveCfg = Debug|Any CPU
		{37F9161E-E505-4678-A15C-49B18A8DB4D0}.Debug|Any CPU.Build.0 = Debug|Any CPU
		{37F9161E-E505-4678-A15C-49B18A8DB4D0}.Release|Any CPU.ActiveCfg = Release|Any CPU
		{37F9161E-E505-4678-A15C-49B18A8DB4D0}.Release|Any CPU.Build.0 = Release|Any CPU
	EndGlobalSection
	GlobalSection(SolutionProperties) = preSolution
		HideSolutionNode = FALSE
	EndGlobalSection
	GlobalSection(ExtensibilityGlobals) = postSolution
		SolutionGuid = {D2C3B469-29D5-42E7-A473-17442481DDA3}
	EndGlobalSection
EndGlobal
